
Microsoft Visual Studio Solution File, Format Version 12.00
# Visual Studio 15
VisualStudioVersion = 15.0.27703.2026
MinimumVisualStudioVersion = 10.0.40219.1
Project("{FAE04EC0-301F-11D3-BF4B-00C04F79EFBC}") = "Reflection", "Reflection\Reflection.csproj", "{DD575787-6D3C-474D-A23A-C3338F65109B}"
EndProject
Project("{FAE04EC0-301F-11D3-BF4B-00C04F79EFBC}") = "Reflection.Tests", "Reflection.Tests\Reflection.Tests.csproj", "{66D6D925-5E1C-4E51-8E03-5B9C33CA2588}"
EndProject
Project("{FAE04EC0-301F-11D3-BF4B-00C04F79EFBC}") = "Caching", "Caching\Caching.csproj", "{5AE633E0-BBCB-4471-8C99-91B0A60A7372}"
EndProject
Project("{FAE04EC0-301F-11D3-BF4B-00C04F79EFBC}") = "Caching.Tests", "Caching.Tests\Caching.Tests.csproj", "{6DAAE2D1-1BC0-436D-A8B1-FEC2F4FD5359}"
EndProject
Global
	GlobalSection(SolutionConfigurationPlatforms) = preSolution
		Debug|Any CPU = Debug|Any CPU
		Release|Any CPU = Release|Any CPU
	EndGlobalSection
	GlobalSection(ProjectConfigurationPlatforms) = postSolution
		{DD575787-6D3C-474D-A23A-C3338F65109B}.Debug|Any CPU.ActiveCfg = Debug|Any CPU
		{DD575787-6D3C-474D-A23A-C3338F65109B}.Debug|Any CPU.Build.0 = Debug|Any CPU
		{DD575787-6D3C-474D-A23A-C3338F65109B}.Release|Any CPU.ActiveCfg = Release|Any CPU
		{DD575787-6D3C-474D-A23A-C3338F65109B}.Release|Any CPU.Build.0 = Release|Any CPU
		{66D6D925-5E1C-4E51-8E03-5B9C33CA2588}.Debug|Any CPU.ActiveCfg = Debug|Any CPU
		{66D6D925-5E1C-4E51-8E03-5B9C33CA2588}.Debug|Any CPU.Build.0 = Debug|Any CPU
		{66D6D925-5E1C-4E51-8E03-5B9C33CA2588}.Release|Any CPU.ActiveCfg = Release|Any CPU
		{66D6D925-5E1C-4E51-8E03-5B9C33CA2588}.Release|Any CPU.Build.0 = Release|Any CPU
		{5AE633E0-BBCB-4471-8C99-91B0A60A7372}.Debug|Any CPU.ActiveCfg = Debug|Any CPU
		{5AE633E0-BBCB-4471-8C99-91B0A60A7372}.Debug|Any CPU.Build.0 = Debug|Any CPU
		{5AE633E0-BBCB-4471-8C99-91B0A60A7372}.Release|Any CPU.ActiveCfg = Release|Any CPU
		{5AE633E0-BBCB-4471-8C99-91B0A60A7372}.Release|Any CPU.Build.0 = Release|Any CPU
		{6DAAE2D1-1BC0-436D-A8B1-FEC2F4FD5359}.Debug|Any CPU.ActiveCfg = Debug|Any CPU
		{6DAAE2D1-1BC0-436D-A8B1-FEC2F4FD5359}.Debug|Any CPU.Build.0 = Debug|Any CPU
		{6DAAE2D1-1BC0-436D-A8B1-FEC2F4FD5359}.Release|Any CPU.ActiveCfg = Release|Any CPU
		{6DAAE2D1-1BC0-436D-A8B1-FEC2F4FD5359}.Release|Any CPU.Build.0 = Release|Any CPU
	EndGlobalSection
	GlobalSection(SolutionProperties) = preSolution
		HideSolutionNode = FALSE
	EndGlobalSection
	GlobalSection(ExtensibilityGlobals) = postSolution
		SolutionGuid = {0E41908A-E5DC-4505-916A-8C07D4EE0BEB}
	EndGlobalSection
EndGlobal
